
Microsoft Visual Studio Solution File, Format Version 12.00
# Visual Studio Version 16
VisualStudioVersion = 16.0.30611.23
MinimumVisualStudioVersion = 10.0.40219.1
Project("{FAE04EC0-301F-11D3-BF4B-00C04F79EFBC}") = "WebEjercicio", "WebEjercicio\WebEjercicio.csproj", "{E2629371-F48E-460E-865A-0F51A4A9A954}"
EndProject
Project("{9A19103F-16F7-4668-BE54-9A1E7A4F7556}") = "AndersonMendoza", "..\AndersonMendoza\AndersonMendoza\AndersonMendoza.csproj", "{BAA8EBD1-488C-41ED-B999-ED4AC881D233}"
EndProject
Global
	GlobalSection(SolutionConfigurationPlatforms) = preSolution
		Debug|Any CPU = Debug|Any CPU
		Release|Any CPU = Release|Any CPU
	EndGlobalSection
	GlobalSection(ProjectConfigurationPlatforms) = postSolution
		{E2629371-F48E-460E-865A-0F51A4A9A954}.Debug|Any CPU.ActiveCfg = Debug|Any CPU
		{E2629371-F48E-460E-865A-0F51A4A9A954}.Debug|Any CPU.Build.0 = Debug|Any CPU
		{E2629371-F48E-460E-865A-0F51A4A9A954}.Release|Any CPU.ActiveCfg = Release|Any CPU
		{E2629371-F48E-460E-865A-0F51A4A9A954}.Release|Any CPU.Build.0 = Release|Any CPU
		{BAA8EBD1-488C-41ED-B999-ED4AC881D233}.Debug|Any CPU.ActiveCfg = Debug|Any CPU
		{BAA8EBD1-488C-41ED-B999-ED4AC881D233}.Debug|Any CPU.Build.0 = Debug|Any CPU
		{BAA8EBD1-488C-41ED-B999-ED4AC881D233}.Release|Any CPU.ActiveCfg = Release|Any CPU
		{BAA8EBD1-488C-41ED-B999-ED4AC881D233}.Release|Any CPU.Build.0 = Release|Any CPU
	EndGlobalSection
	GlobalSection(SolutionProperties) = preSolution
		HideSolutionNode = FALSE
	EndGlobalSection
	GlobalSection(ExtensibilityGlobals) = postSolution
		SolutionGuid = {2C5777D8-88D2-4FC8-91C2-EA0C62B54450}
	EndGlobalSection
EndGlobal
